
Microsoft Visual Studio Solution File, Format Version 12.00
# Visual Studio Version 17
VisualStudioVersion = 17.9.34414.90
MinimumVisualStudioVersion = 10.0.40219.1
Project("{FAE04EC0-301F-11D3-BF4B-00C04F79EFBC}") = "POC.ConsoleAppFileWriting", "POC.ConsoleAppFileWriting.csproj", "{BDB8AFEC-1B27-4ECC-B84B-880276DD3A4E}"
EndProject
Global
	GlobalSection(SolutionConfigurationPlatforms) = preSolution
		Debug|Any CPU = Debug|Any CPU
		Release|Any CPU = Release|Any CPU
	EndGlobalSection
	GlobalSection(ProjectConfigurationPlatforms) = postSolution
		{BDB8AFEC-1B27-4ECC-B84B-880276DD3A4E}.Debug|Any CPU.ActiveCfg = Debug|Any CPU
		{BDB8AFEC-1B27-4ECC-B84B-880276DD3A4E}.Debug|Any CPU.Build.0 = Debug|Any CPU
		{BDB8AFEC-1B27-4ECC-B84B-880276DD3A4E}.Release|Any CPU.ActiveCfg = Release|Any CPU
		{BDB8AFEC-1B27-4ECC-B84B-880276DD3A4E}.Release|Any CPU.Build.0 = Release|Any CPU
	EndGlobalSection
	GlobalSection(SolutionProperties) = preSolution
		HideSolutionNode = FALSE
	EndGlobalSection
	GlobalSection(ExtensibilityGlobals) = postSolution
		SolutionGuid = {95F34C39-0CCB-4AA8-8E08-A19E8E20E0E9}
	EndGlobalSection
EndGlobal
